version = 1
requires-python = ">=3.10"

[[package]]
name = "customer-support-env"
version = "1.0.0"
source = { editable = "." }
dependencies = [
    { name = "fastapi" },
    { name = "uvicorn" },
    { name = "pydantic" },
    { name = "openai" },
    { name = "huggingface-hub" },
    { name = "requests" },
    { name = "python-multipart" },
    { name = "openenv" },
]
